
Microsoft Visual Studio Solution File, Format Version 12.00
# Visual Studio Version 16
VisualStudioVersion = 16.0.30011.22
MinimumVisualStudioVersion = 10.0.40219.1
Project("{FAE04EC0-301F-11D3-BF4B-00C04F79EFBC}") = "RPG", "RPG.csproj", "{1D9DA861-BD04-4316-AC0C-DE6CCC5C8223}"
EndProject
Global
	GlobalSection(SolutionConfigurationPlatforms) = preSolution
		Debug|x86 = Debug|x86
		Release|x86 = Release|x86
	EndGlobalSection
	GlobalSection(ProjectConfigurationPlatforms) = postSolution
		{1D9DA861-BD04-4316-AC0C-DE6CCC5C8223}.Debug|x86.ActiveCfg = Debug|x86
		{1D9DA861-BD04-4316-AC0C-DE6CCC5C8223}.Debug|x86.Build.0 = Debug|x86
		{1D9DA861-BD04-4316-AC0C-DE6CCC5C8223}.Release|x86.ActiveCfg = Release|x86
		{1D9DA861-BD04-4316-AC0C-DE6CCC5C8223}.Release|x86.Build.0 = Release|x86
	EndGlobalSection
	GlobalSection(SolutionProperties) = preSolution
		HideSolutionNode = FALSE
	EndGlobalSection
	GlobalSection(ExtensibilityGlobals) = postSolution
		SolutionGuid = {364E222E-5A94-47F9-BBEB-3333C2949514}
	EndGlobalSection
EndGlobal
